<Solution>
    <Configurations>
        <Platform Name="Any CPU"/>
        <Platform Name="x64"/>
        <Platform Name="x86"/>
    </Configurations>
    <Folder Name="/src/">
        <Project Path="src\Secyud.Secits.Blazor\Secyud.Secits.Blazor.csproj"/>   
    </Folder>
    <Folder Name="/host/">
        <Project Path="host\Secyud.Secits.Blazor.Demo\Secyud.Secits.Blazor.Demo.csproj"/>   
    </Folder>
</Solution>